
Microsoft Visual Studio Solution File, Format Version 12.00
# Visual Studio Version 17
VisualStudioVersion = 17.3.32929.385
MinimumVisualStudioVersion = 10.0.40219.1
Project("{FAE04EC0-301F-11D3-BF4B-00C04F79EFBC}") = "CalcularTriangulos", "CalcularTriangulos\CalcularTriangulos.csproj", "{9F93A79C-7274-4183-B53B-B30821104031}"
EndProject
Global
	GlobalSection(SolutionConfigurationPlatforms) = preSolution
		Debug|Any CPU = Debug|Any CPU
		Release|Any CPU = Release|Any CPU
	EndGlobalSection
	GlobalSection(ProjectConfigurationPlatforms) = postSolution
		{9F93A79C-7274-4183-B53B-B30821104031}.Debug|Any CPU.ActiveCfg = Debug|Any CPU
		{9F93A79C-7274-4183-B53B-B30821104031}.Debug|Any CPU.Build.0 = Debug|Any CPU
		{9F93A79C-7274-4183-B53B-B30821104031}.Release|Any CPU.ActiveCfg = Release|Any CPU
		{9F93A79C-7274-4183-B53B-B30821104031}.Release|Any CPU.Build.0 = Release|Any CPU
	EndGlobalSection
	GlobalSection(SolutionProperties) = preSolution
		HideSolutionNode = FALSE
	EndGlobalSection
	GlobalSection(ExtensibilityGlobals) = postSolution
		SolutionGuid = {A9A049B9-6611-4083-AE0B-F6A298623AF9}
	EndGlobalSection
EndGlobal
